
Microsoft Visual Studio Solution File, Format Version 12.00
# Visual Studio 2013
VisualStudioVersion = 12.0.31101.0
MinimumVisualStudioVersion = 10.0.40219.1
Project("{8BC9CEB8-8B4A-11D0-8D11-00A0C91BC942}") = "WinPartitionInfo", "WinPartitionInfo\WinPartitionInfo.vcxproj", "{70A31746-D651-438C-81A6-56483635DF3A}"
	ProjectSection(ProjectDependencies) = postProject
		{7A0B7CC4-9CAB-4B19-9F63-215A4B846214} = {7A0B7CC4-9CAB-4B19-9F63-215A4B846214}
	EndProjectSection
EndProject
Project("{8BC9CEB8-8B4A-11D0-8D11-00A0C91BC942}") = "DiskTools", "DiskTools\DiskTools.vcxproj", "{7A0B7CC4-9CAB-4B19-9F63-215A4B846214}"
EndProject
Project("{8BC9CEB8-8B4A-11D0-8D11-00A0C91BC942}") = "GetSector", "GetSector\GetSector.vcxproj", "{75623C75-41B2-4D99-ACD2-88F65A8207AB}"
	ProjectSection(ProjectDependencies) = postProject
		{7A0B7CC4-9CAB-4B19-9F63-215A4B846214} = {7A0B7CC4-9CAB-4B19-9F63-215A4B846214}
	EndProjectSection
EndProject
Project("{8BC9CEB8-8B4A-11D0-8D11-00A0C91BC942}") = "PartitionInfo", "PartitionInfo\PartitionInfo.vcxproj", "{008C02A9-9A09-46AE-BC30-DB64B59DC1BE}"
	ProjectSection(ProjectDependencies) = postProject
		{7A0B7CC4-9CAB-4B19-9F63-215A4B846214} = {7A0B7CC4-9CAB-4B19-9F63-215A4B846214}
	EndProjectSection
EndProject
Project("{8BC9CEB8-8B4A-11D0-8D11-00A0C91BC942}") = "RipISO", "RipISO\RipISO.vcxproj", "{E2F5AF6F-F713-4BC9-A66D-FFEBFA0B3967}"
	ProjectSection(ProjectDependencies) = postProject
		{7A0B7CC4-9CAB-4B19-9F63-215A4B846214} = {7A0B7CC4-9CAB-4B19-9F63-215A4B846214}
	EndProjectSection
EndProject
Project("{8BC9CEB8-8B4A-11D0-8D11-00A0C91BC942}") = "WriteImage", "WriteImage\WriteImage.vcxproj", "{4A40E094-73F9-4D41-8263-6D508CBBC81D}"
EndProject
Global
	GlobalSection(SolutionConfigurationPlatforms) = preSolution
		Debug|Win32 = Debug|Win32
		Debug|x64 = Debug|x64
		Release|Win32 = Release|Win32
		Release|x64 = Release|x64
	EndGlobalSection
	GlobalSection(ProjectConfigurationPlatforms) = postSolution
		{70A31746-D651-438C-81A6-56483635DF3A}.Debug|Win32.ActiveCfg = Debug|Win32
		{70A31746-D651-438C-81A6-56483635DF3A}.Debug|Win32.Build.0 = Debug|Win32
		{70A31746-D651-438C-81A6-56483635DF3A}.Debug|x64.ActiveCfg = Debug|x64
		{70A31746-D651-438C-81A6-56483635DF3A}.Debug|x64.Build.0 = Debug|x64
		{70A31746-D651-438C-81A6-56483635DF3A}.Release|Win32.ActiveCfg = Release|Win32
		{70A31746-D651-438C-81A6-56483635DF3A}.Release|Win32.Build.0 = Release|Win32
		{70A31746-D651-438C-81A6-56483635DF3A}.Release|x64.ActiveCfg = Release|x64
		{70A31746-D651-438C-81A6-56483635DF3A}.Release|x64.Build.0 = Release|x64
		{7A0B7CC4-9CAB-4B19-9F63-215A4B846214}.Debug|Win32.ActiveCfg = Debug|Win32
		{7A0B7CC4-9CAB-4B19-9F63-215A4B846214}.Debug|Win32.Build.0 = Debug|Win32
		{7A0B7CC4-9CAB-4B19-9F63-215A4B846214}.Debug|x64.ActiveCfg = Debug|x64
		{7A0B7CC4-9CAB-4B19-9F63-215A4B846214}.Debug|x64.Build.0 = Debug|x64
		{7A0B7CC4-9CAB-4B19-9F63-215A4B846214}.Release|Win32.ActiveCfg = Release|Win32
		{7A0B7CC4-9CAB-4B19-9F63-215A4B846214}.Release|Win32.Build.0 = Release|Win32
		{7A0B7CC4-9CAB-4B19-9F63-215A4B846214}.Release|x64.ActiveCfg = Release|x64
		{7A0B7CC4-9CAB-4B19-9F63-215A4B846214}.Release|x64.Build.0 = Release|x64
		{75623C75-41B2-4D99-ACD2-88F65A8207AB}.Debug|Win32.ActiveCfg = Debug|Win32
		{75623C75-41B2-4D99-ACD2-88F65A8207AB}.Debug|Win32.Build.0 = Debug|Win32
		{75623C75-41B2-4D99-ACD2-88F65A8207AB}.Debug|x64.ActiveCfg = Debug|x64
		{75623C75-41B2-4D99-ACD2-88F65A8207AB}.Debug|x64.Build.0 = Debug|x64
		{75623C75-41B2-4D99-ACD2-88F65A8207AB}.Release|Win32.ActiveCfg = Release|Win32
		{75623C75-41B2-4D99-ACD2-88F65A8207AB}.Release|Win32.Build.0 = Release|Win32
		{75623C75-41B2-4D99-ACD2-88F65A8207AB}.Release|x64.ActiveCfg = Release|x64
		{75623C75-41B2-4D99-ACD2-88F65A8207AB}.Release|x64.Build.0 = Release|x64
		{008C02A9-9A09-46AE-BC30-DB64B59DC1BE}.Debug|Win32.ActiveCfg = Debug|Win32
		{008C02A9-9A09-46AE-BC30-DB64B59DC1BE}.Debug|Win32.Build.0 = Debug|Win32
		{008C02A9-9A09-46AE-BC30-DB64B59DC1BE}.Debug|x64.ActiveCfg = Debug|x64
		{008C02A9-9A09-46AE-BC30-DB64B59DC1BE}.Debug|x64.Build.0 = Debug|x64
		{008C02A9-9A09-46AE-BC30-DB64B59DC1BE}.Release|Win32.ActiveCfg = Release|Win32
		{008C02A9-9A09-46AE-BC30-DB64B59DC1BE}.Release|Win32.Build.0 = Release|Win32
		{008C02A9-9A09-46AE-BC30-DB64B59DC1BE}.Release|x64.ActiveCfg = Release|x64
		{008C02A9-9A09-46AE-BC30-DB64B59DC1BE}.Release|x64.Build.0 = Release|x64
		{E2F5AF6F-F713-4BC9-A66D-FFEBFA0B3967}.Debug|Win32.ActiveCfg = Debug|Win32
		{E2F5AF6F-F713-4BC9-A66D-FFEBFA0B3967}.Debug|Win32.Build.0 = Debug|Win32
		{E2F5AF6F-F713-4BC9-A66D-FFEBFA0B3967}.Debug|x64.ActiveCfg = Debug|x64
		{E2F5AF6F-F713-4BC9-A66D-FFEBFA0B3967}.Debug|x64.Build.0 = Debug|x64
		{E2F5AF6F-F713-4BC9-A66D-FFEBFA0B3967}.Release|Win32.ActiveCfg = Release|Win32
		{E2F5AF6F-F713-4BC9-A66D-FFEBFA0B3967}.Release|Win32.Build.0 = Release|Win32
		{E2F5AF6F-F713-4BC9-A66D-FFEBFA0B3967}.Release|x64.ActiveCfg = Release|x64
		{E2F5AF6F-F713-4BC9-A66D-FFEBFA0B3967}.Release|x64.Build.0 = Release|x64
		{4A40E094-73F9-4D41-8263-6D508CBBC81D}.Debug|Win32.ActiveCfg = Debug|Win32
		{4A40E094-73F9-4D41-8263-6D508CBBC81D}.Debug|Win32.Build.0 = Debug|Win32
		{4A40E094-73F9-4D41-8263-6D508CBBC81D}.Debug|x64.ActiveCfg = Debug|x64
		{4A40E094-73F9-4D41-8263-6D508CBBC81D}.Debug|x64.Build.0 = Debug|x64
		{4A40E094-73F9-4D41-8263-6D508CBBC81D}.Release|Win32.ActiveCfg = Release|Win32
		{4A40E094-73F9-4D41-8263-6D508CBBC81D}.Release|Win32.Build.0 = Release|Win32
		{4A40E094-73F9-4D41-8263-6D508CBBC81D}.Release|x64.ActiveCfg = Release|x64
		{4A40E094-73F9-4D41-8263-6D508CBBC81D}.Release|x64.Build.0 = Release|x64
	EndGlobalSection
	GlobalSection(SolutionProperties) = preSolution
		HideSolutionNode = FALSE
	EndGlobalSection
EndGlobal
